<?xml version="1.0" encoding="utf-8"?>
<Project ToolsVersion="4.0" xmlns="http://schemas.microsoft.com/developer/msbuild/2003">
  <ItemGroup>
    <Filter Include="FSL">
      <UniqueIdentifier>{AAE7870B-16F1-877C-9F6C-9E7C0B75937C}</UniqueIdentifier>
    </Filter>
    <Filter Include="common">
      <UniqueIdentifier>{AEFEE3F6-9AA0-0ECD-835B-22216F9C951D}</UniqueIdentifier>
    </Filter>
  </ItemGroup>
  <ItemGroup>
    <ClInclude Include="common\SocketSelectDlg.hpp">
      <Filter>common</Filter>
    </ClInclude>
    <ClInclude Include="common\dialog.hpp">
      <Filter>common</Filter>
    </ClInclude>
  </ItemGroup>
  <ItemGroup>
    <ClCompile Include="FSL\VCIFSLSample.cpp">
      <Filter>FSL</Filter>
    </ClCompile>
    <ClCompile Include="FSL\uuids.c">
      <Filter>FSL</Filter>
    </ClCompile>
    <ClCompile Include="common\SocketSelectDlg.cpp">
      <Filter>common</Filter>
    </ClCompile>
    <ClCompile Include="common\dialog.cpp">
      <Filter>common</Filter>
    </ClCompile>
  </ItemGroup>
  <ItemGroup>
    <None Include="common\VCIConsoleSample.rh">
      <Filter>common</Filter>
    </None>
  </ItemGroup>
  <ItemGroup>
    <ResourceCompile Include="common\VCIConsoleSample.rc">
      <Filter>common</Filter>
    </ResourceCompile>
  </ItemGroup>
</Project>